
Microsoft Visual Studio Solution File, Format Version 12.00
# Visual Studio Version 17
VisualStudioVersion = 17.1.32228.430
MinimumVisualStudioVersion = 10.0.40219.1
Project("{FAE04EC0-301F-11D3-BF4B-00C04F79EFBC}") = "VacuumBreather.Mvvm.Lifecycle", "VacuumBreather.Mvvm.Lifecycle\VacuumBreather.Mvvm.Lifecycle.csproj", "{84414B7D-93B5-4B0C-9C48-105796C074F0}"
EndProject
Global
	GlobalSection(SolutionConfigurationPlatforms) = preSolution
		Debug|Any CPU = Debug|Any CPU
		Release|Any CPU = Release|Any CPU
	EndGlobalSection
	GlobalSection(ProjectConfigurationPlatforms) = postSolution
		{84414B7D-93B5-4B0C-9C48-105796C074F0}.Debug|Any CPU.ActiveCfg = Debug|Any CPU
		{84414B7D-93B5-4B0C-9C48-105796C074F0}.Debug|Any CPU.Build.0 = Debug|Any CPU
		{84414B7D-93B5-4B0C-9C48-105796C074F0}.Release|Any CPU.ActiveCfg = Release|Any CPU
		{84414B7D-93B5-4B0C-9C48-105796C074F0}.Release|Any CPU.Build.0 = Release|Any CPU
	EndGlobalSection
	GlobalSection(SolutionProperties) = preSolution
		HideSolutionNode = FALSE
	EndGlobalSection
	GlobalSection(ExtensibilityGlobals) = postSolution
		SolutionGuid = {0DA4DE6B-FDD6-4C11-B9E5-8C6AFFB97573}
	EndGlobalSection
EndGlobal
